{
  "name": "capacitor-pm-braintree",
  "version": "1.0.3",
  "lockfileVersion": 1,
  "requires": true,
  "dependencies": {
    "@capacitor/android": {
      "version": "1.1.1",
      "resolved": "https://registry.npmjs.org/@capacitor/android/-/android-1.1.1.tgz",
      "integrity": "sha512-wnJlBvQ/vxJlEvdBV824GI+cNzvI2SPWFmsDrxnvmybijNAuKduD+KwjR3VcBNwh+Kf2sTNTcvH8qJXggyOVRw==",
      "dev": true
    },
    "@capacitor/core": {
      "version": "2.2.0",
      "resolved": "https://registry.npmjs.org/@capacitor/core/-/core-2.2.0.tgz",
      "integrity": "sha512-ClxXjOUCF0wZpznZI6f6uXK2LLzWBx5Ly/g7Hqu8R8wNdaKYoh83eMuT+m5G1gfxhcALAAJNUhHccnCW3ohftg==",
      "requires": {
        "tslib": "^1.9.0"
      }
    },
    "@capacitor/ios": {
      "version": "1.1.1",
      "resolved": "https://registry.npmjs.org/@capacitor/ios/-/ios-1.1.1.tgz",
      "integrity": "sha512-6JCNWDY7E+Tt9mkzflwlK9tHl2qcPUgazZC0/aBte9lBEDpmzGPbTlHoiYeKTIqfhQeU7Qk8g6QabCx6vNzJpQ==",
      "dev": true
    },
    "tslib": {
      "version": "1.13.0",
      "resolved": "https://registry.npmjs.org/tslib/-/tslib-1.13.0.tgz",
      "integrity": "sha512-i/6DQjL8Xf3be4K/E6Wgpekn5Qasl1usyw++dAA35Ue5orEn65VIxOA+YvNNl9HV3qv70T7CNwjODHZrLwvd1Q=="
    },
    "typescript": {
      "version": "3.5.3",
      "resolved": "https://registry.npmjs.org/typescript/-/typescript-3.5.3.tgz",
      "integrity": "sha512-ACzBtm/PhXBDId6a6sDJfroT2pOWt/oOnk4/dElG5G33ZL776N3Y6/6bKZJBFpd+b05F3Ct9qDjMeJmRWtE2/g==",
      "dev": true
    }
  }
}
